// !$*UTF8*$!
{
	archiveVersion = 1;
	classes = {
	};
	objectVersion = 56;
	objects = {

/* Begin PBXBuildFile section */
		6117573B2B67DE4C0043E958 /* ProfileImageView.swift in Sources */ = {isa = PBXBuildFile; fileRef = 6117573A2B67DE4C0043E958 /* ProfileImageView.swift */; };
		6117573D2B67E0010043E958 /* PointButton.swift in Sources */ = {isa = PBXBuildFile; fileRef = 6117573C2B67E0010043E958 /* PointButton.swift */; };
		6117573F2B67F0610043E958 /* FilterButton.swift in Sources */ = {isa = PBXBuildFile; fileRef = 6117573E2B67F0610043E958 /* FilterButton.swift */; };
		611757412B67F19A0043E958 /* UIStackView+Extension.swift in Sources */ = {isa = PBXBuildFile; fileRef = 611757402B67F19A0043E958 /* UIStackView+Extension.swift */; };
		6150F4962B5900150035F522 /* AppDelegate.swift in Sources */ = {isa = PBXBuildFile; fileRef = 6150F4952B5900150035F522 /* AppDelegate.swift */; };
		6150F4982B5900150035F522 /* SceneDelegate.swift in Sources */ = {isa = PBXBuildFile; fileRef = 6150F4972B5900150035F522 /* SceneDelegate.swift */; };
		6150F49D2B5900150035F522 /* Main.storyboard in Resources */ = {isa = PBXBuildFile; fileRef = 6150F49B2B5900150035F522 /* Main.storyboard */; };
		6150F49F2B5900170035F522 /* Assets.xcassets in Resources */ = {isa = PBXBuildFile; fileRef = 6150F49E2B5900170035F522 /* Assets.xcassets */; };
		6150F4A22B5900170035F522 /* LaunchScreen.storyboard in Resources */ = {isa = PBXBuildFile; fileRef = 6150F4A02B5900170035F522 /* LaunchScreen.storyboard */; };
		6150F4AB2B5900520035F522 /* Alamofire in Frameworks */ = {isa = PBXBuildFile; productRef = 6150F4AA2B5900520035F522 /* Alamofire */; };
		6150F4AE2B5900680035F522 /* Kingfisher in Frameworks */ = {isa = PBXBuildFile; productRef = 6150F4AD2B5900680035F522 /* Kingfisher */; };
		6150F4B42B5904800035F522 /* OnboardingViewController.swift in Sources */ = {isa = PBXBuildFile; fileRef = 6150F4B32B5904800035F522 /* OnboardingViewController.swift */; };
		6150F4B72B5905500035F522 /* .gitignore in Resources */ = {isa = PBXBuildFile; fileRef = 6150F4B62B5905500035F522 /* .gitignore */; };
		6150F4B92B5905680035F522 /* APIKey.swift in Sources */ = {isa = PBXBuildFile; fileRef = 6150F4B82B5905680035F522 /* APIKey.swift */; };
		6150F4BB2B591A020035F522 /* Protocol.swift in Sources */ = {isa = PBXBuildFile; fileRef = 6150F4BA2B591A020035F522 /* Protocol.swift */; };
		6150F4BD2B591AB90035F522 /* UILabel+Extension.swift in Sources */ = {isa = PBXBuildFile; fileRef = 6150F4BC2B591AB90035F522 /* UILabel+Extension.swift */; };
		6150F4BF2B591BD30035F522 /* UIButton+Extension.swift in Sources */ = {isa = PBXBuildFile; fileRef = 6150F4BE2B591BD30035F522 /* UIButton+Extension.swift */; };
		6150F4C12B591C760035F522 /* UIImageView+Extension.swift in Sources */ = {isa = PBXBuildFile; fileRef = 6150F4C02B591C760035F522 /* UIImageView+Extension.swift */; };
		6150F4C32B591CFA0035F522 /* UserDefaultManager.swift in Sources */ = {isa = PBXBuildFile; fileRef = 6150F4C22B591CFA0035F522 /* UserDefaultManager.swift */; };
		6150F4C62B5921E70035F522 /* ImageStyle.swift in Sources */ = {isa = PBXBuildFile; fileRef = 6150F4C52B5921E70035F522 /* ImageStyle.swift */; };
		6150F4C82B5922260035F522 /* ColorStyle.swift in Sources */ = {isa = PBXBuildFile; fileRef = 6150F4C72B5922260035F522 /* ColorStyle.swift */; };
		6150F4CB2B5925A00035F522 /* NicknameSettingViewController.swift in Sources */ = {isa = PBXBuildFile; fileRef = 6150F4CA2B5925A00035F522 /* NicknameSettingViewController.swift */; };
		6150F4CD2B5928E60035F522 /* ViewProtocol.swift in Sources */ = {isa = PBXBuildFile; fileRef = 6150F4CC2B5928E60035F522 /* ViewProtocol.swift */; };
		6150F4CF2B5929CE0035F522 /* UINavigationController+Extension.swift in Sources */ = {isa = PBXBuildFile; fileRef = 6150F4CE2B5929CE0035F522 /* UINavigationController+Extension.swift */; };
		6150F4D12B5935AC0035F522 /* UITextField+Extension.swift in Sources */ = {isa = PBXBuildFile; fileRef = 6150F4D02B5935AC0035F522 /* UITextField+Extension.swift */; };
		6150F4DF2B5A97200035F522 /* ProfileImageSettingViewController.swift in Sources */ = {isa = PBXBuildFile; fileRef = 6150F4DE2B5A97200035F522 /* ProfileImageSettingViewController.swift */; };
		6150F4E22B5AAC4E0035F522 /* MainViewController.swift in Sources */ = {isa = PBXBuildFile; fileRef = 6150F4E12B5AAC4E0035F522 /* MainViewController.swift */; };
		6150F4E42B5AB2940035F522 /* ProfileImage.swift in Sources */ = {isa = PBXBuildFile; fileRef = 6150F4E32B5AB2940035F522 /* ProfileImage.swift */; };
		6150F4E82B5AB3E70035F522 /* ProfileImageCollectionViewCell.swift in Sources */ = {isa = PBXBuildFile; fileRef = 6150F4E62B5AB3E70035F522 /* ProfileImageCollectionViewCell.swift */; };
		6150F4EC2B5AC4E00035F522 /* SettingViewController.swift in Sources */ = {isa = PBXBuildFile; fileRef = 6150F4EB2B5AC4E00035F522 /* SettingViewController.swift */; };
		6150F4EE2B5AD4700035F522 /* Setting.swift in Sources */ = {isa = PBXBuildFile; fileRef = 6150F4ED2B5AD4700035F522 /* Setting.swift */; };
		6150F4F02B5B887B0035F522 /* Type.swift in Sources */ = {isa = PBXBuildFile; fileRef = 6150F4EF2B5B887B0035F522 /* Type.swift */; };
		6150F4F22B5B8E510035F522 /* ProductDetailViewController.swift in Sources */ = {isa = PBXBuildFile; fileRef = 6150F4F12B5B8E510035F522 /* ProductDetailViewController.swift */; };
		6150F4F42B5B8F680035F522 /* SearchResultViewController.swift in Sources */ = {isa = PBXBuildFile; fileRef = 6150F4F32B5B8F680035F522 /* SearchResultViewController.swift */; };
		6150F4FC2B5D865C0035F522 /* ProductAPIManager.swift in Sources */ = {isa = PBXBuildFile; fileRef = 6150F4FB2B5D865C0035F522 /* ProductAPIManager.swift */; };
		6150F4FE2B5D88020035F522 /* ProductInfo.swift in Sources */ = {isa = PBXBuildFile; fileRef = 6150F4FD2B5D88020035F522 /* ProductInfo.swift */; };
		6150F5032B5D8F9F0035F522 /* ProductCollectionViewCell.swift in Sources */ = {isa = PBXBuildFile; fileRef = 6150F5012B5D8F9E0035F522 /* ProductCollectionViewCell.swift */; };
		6150F5062B5D91EA0035F522 /* Int+extension.swift in Sources */ = {isa = PBXBuildFile; fileRef = 6150F5052B5D91EA0035F522 /* Int+extension.swift */; };
		6150F5082B5D996E0035F522 /* String+Extension.swift in Sources */ = {isa = PBXBuildFile; fileRef = 6150F5072B5D996E0035F522 /* String+Extension.swift */; };
		61864BB02B5E88270073C175 /* Filter.swift in Sources */ = {isa = PBXBuildFile; fileRef = 61864BAF2B5E88270073C175 /* Filter.swift */; };
		61864BF32B6085F40073C175 /* UIViewController+Extension.swift in Sources */ = {isa = PBXBuildFile; fileRef = 61864BF22B6085F40073C175 /* UIViewController+Extension.swift */; };
		61864C912B66A3600073C175 /* SnapKit in Frameworks */ = {isa = PBXBuildFile; productRef = 61864C902B66A3600073C175 /* SnapKit */; };
		61864C932B66A3600073C175 /* SnapKit-Dynamic in Frameworks */ = {isa = PBXBuildFile; productRef = 61864C922B66A3600073C175 /* SnapKit-Dynamic */; };
		61864C952B66AC4C0073C175 /* RecentKeywordHeaderView.swift in Sources */ = {isa = PBXBuildFile; fileRef = 61864C942B66AC4C0073C175 /* RecentKeywordHeaderView.swift */; };
		61BF24122B8D02BF004EAE01 /* OnboardingView.swift in Sources */ = {isa = PBXBuildFile; fileRef = 61BF24112B8D02BF004EAE01 /* OnboardingView.swift */; };
		61BF24152B8D02D7004EAE01 /* BaseView.swift in Sources */ = {isa = PBXBuildFile; fileRef = 61BF24142B8D02D7004EAE01 /* BaseView.swift */; };
		61BF24172B8D0526004EAE01 /* NicknameSettingView.swift in Sources */ = {isa = PBXBuildFile; fileRef = 61BF24162B8D0526004EAE01 /* NicknameSettingView.swift */; };
		61BF24192B8D05D9004EAE01 /* BaseViewController.swift in Sources */ = {isa = PBXBuildFile; fileRef = 61BF24182B8D05D9004EAE01 /* BaseViewController.swift */; };
		61BF241B2B8D06D5004EAE01 /* ProfileImageSettingView.swift in Sources */ = {isa = PBXBuildFile; fileRef = 61BF241A2B8D06D5004EAE01 /* ProfileImageSettingView.swift */; };
		61D56EBB2B5E4130000D28E1 /* RecentSearchTableViewCell.swift in Sources */ = {isa = PBXBuildFile; fileRef = 61D56EB92B5E4130000D28E1 /* RecentSearchTableViewCell.swift */; };
		61D56EBE2B5E4E20000D28E1 /* Product.swift in Sources */ = {isa = PBXBuildFile; fileRef = 61D56EBD2B5E4E20000D28E1 /* Product.swift */; };
		61E8EC0E2B72EBD600BEAFE5 /* ValidationNicknameError.swift in Sources */ = {isa = PBXBuildFile; fileRef = 61E8EC0D2B72EBD600BEAFE5 /* ValidationNicknameError.swift */; };
		61E8EC102B72EF4700BEAFE5 /* ProductSessionManager.swift in Sources */ = {isa = PBXBuildFile; fileRef = 61E8EC0F2B72EF4700BEAFE5 /* ProductSessionManager.swift */; };
		61E8EC122B72EF9500BEAFE5 /* NetworkError.swift in Sources */ = {isa = PBXBuildFile; fileRef = 61E8EC112B72EF9500BEAFE5 /* NetworkError.swift */; };
/* End PBXBuildFile section */

/* Begin PBXFileReference section */
		6117573A2B67DE4C0043E958 /* ProfileImageView.swift */ = {isa = PBXFileReference; lastKnownFileType = sourcecode.swift; path = ProfileImageView.swift; sourceTree = "<group>"; };
		6117573C2B67E0010043E958 /* PointButton.swift */ = {isa = PBXFileReference; lastKnownFileType = sourcecode.swift; path = PointButton.swift; sourceTree = "<group>"; };
		6117573E2B67F0610043E958 /* FilterButton.swift */ = {isa = PBXFileReference; lastKnownFileType = sourcecode.swift; path = FilterButton.swift; sourceTree = "<group>"; };
		611757402B67F19A0043E958 /* UIStackView+Extension.swift */ = {isa = PBXFileReference; lastKnownFileType = sourcecode.swift; path = "UIStackView+Extension.swift"; sourceTree = "<group>"; };
		6150F4922B5900150035F522 /* SeSACShopping.app */ = {isa = PBXFileReference; explicitFileType = wrapper.application; includeInIndex = 0; path = SeSACShopping.app; sourceTree = BUILT_PRODUCTS_DIR; };
		6150F4952B5900150035F522 /* AppDelegate.swift */ = {isa = PBXFileReference; lastKnownFileType = sourcecode.swift; path = AppDelegate.swift; sourceTree = "<group>"; };
		6150F4972B5900150035F522 /* SceneDelegate.swift */ = {isa = PBXFileReference; lastKnownFileType = sourcecode.swift; path = SceneDelegate.swift; sourceTree = "<group>"; };
		6150F49C2B5900150035F522 /* Base */ = {isa = PBXFileReference; lastKnownFileType = file.storyboard; name = Base; path = Base.lproj/Main.storyboard; sourceTree = "<group>"; };
		6150F49E2B5900170035F522 /* Assets.xcassets */ = {isa = PBXFileReference; lastKnownFileType = folder.assetcatalog; path = Assets.xcassets; sourceTree = "<group>"; };
		6150F4A12B5900170035F522 /* Base */ = {isa = PBXFileReference; lastKnownFileType = file.storyboard; name = Base; path = Base.lproj/LaunchScreen.storyboard; sourceTree = "<group>"; };
		6150F4A32B5900170035F522 /* Info.plist */ = {isa = PBXFileReference; lastKnownFileType = text.plist.xml; path = Info.plist; sourceTree = "<group>"; };
		6150F4B32B5904800035F522 /* OnboardingViewController.swift */ = {isa = PBXFileReference; lastKnownFileType = sourcecode.swift; path = OnboardingViewController.swift; sourceTree = "<group>"; };
		6150F4B62B5905500035F522 /* .gitignore */ = {isa = PBXFileReference; lastKnownFileType = text; path = .gitignore; sourceTree = "<group>"; };
		6150F4B82B5905680035F522 /* APIKey.swift */ = {isa = PBXFileReference; lastKnownFileType = sourcecode.swift; path = APIKey.swift; sourceTree = "<group>"; };
		6150F4BA2B591A020035F522 /* Protocol.swift */ = {isa = PBXFileReference; lastKnownFileType = sourcecode.swift; path = Protocol.swift; sourceTree = "<group>"; };
		6150F4BC2B591AB90035F522 /* UILabel+Extension.swift */ = {isa = PBXFileReference; lastKnownFileType = sourcecode.swift; path = "UILabel+Extension.swift"; sourceTree = "<group>"; };
		6150F4BE2B591BD30035F522 /* UIButton+Extension.swift */ = {isa = PBXFileReference; lastKnownFileType = sourcecode.swift; path = "UIButton+Extension.swift"; sourceTree = "<group>"; };
		6150F4C02B591C760035F522 /* UIImageView+Extension.swift */ = {isa = PBXFileReference; lastKnownFileType = sourcecode.swift; path = "UIImageView+Extension.swift"; sourceTree = "<group>"; };
		6150F4C22B591CFA0035F522 /* UserDefaultManager.swift */ = {isa = PBXFileReference; lastKnownFileType = sourcecode.swift; path = UserDefaultManager.swift; sourceTree = "<group>"; };
		6150F4C52B5921E70035F522 /* ImageStyle.swift */ = {isa = PBXFileReference; lastKnownFileType = sourcecode.swift; path = ImageStyle.swift; sourceTree = "<group>"; };
		6150F4C72B5922260035F522 /* ColorStyle.swift */ = {isa = PBXFileReference; lastKnownFileType = sourcecode.swift; path = ColorStyle.swift; sourceTree = "<group>"; };
		6150F4CA2B5925A00035F522 /* NicknameSettingViewController.swift */ = {isa = PBXFileReference; lastKnownFileType = sourcecode.swift; path = NicknameSettingViewController.swift; sourceTree = "<group>"; };
		6150F4CC2B5928E60035F522 /* ViewProtocol.swift */ = {isa = PBXFileReference; lastKnownFileType = sourcecode.swift; path = ViewProtocol.swift; sourceTree = "<group>"; };
		6150F4CE2B5929CE0035F522 /* UINavigationController+Extension.swift */ = {isa = PBXFileReference; lastKnownFileType = sourcecode.swift; path = "UINavigationController+Extension.swift"; sourceTree = "<group>"; };
		6150F4D02B5935AC0035F522 /* UITextField+Extension.swift */ = {isa = PBXFileReference; lastKnownFileType = sourcecode.swift; path = "UITextField+Extension.swift"; sourceTree = "<group>"; };
		6150F4DE2B5A97200035F522 /* ProfileImageSettingViewController.swift */ = {isa = PBXFileReference; lastKnownFileType = sourcecode.swift; path = ProfileImageSettingViewController.swift; sourceTree = "<group>"; };
		6150F4E12B5AAC4E0035F522 /* MainViewController.swift */ = {isa = PBXFileReference; lastKnownFileType = sourcecode.swift; path = MainViewController.swift; sourceTree = "<group>"; };
		6150F4E32B5AB2940035F522 /* ProfileImage.swift */ = {isa = PBXFileReference; lastKnownFileType = sourcecode.swift; path = ProfileImage.swift; sourceTree = "<group>"; };
		6150F4E62B5AB3E70035F522 /* ProfileImageCollectionViewCell.swift */ = {isa = PBXFileReference; lastKnownFileType = sourcecode.swift; path = ProfileImageCollectionViewCell.swift; sourceTree = "<group>"; };
		6150F4EB2B5AC4E00035F522 /* SettingViewController.swift */ = {isa = PBXFileReference; lastKnownFileType = sourcecode.swift; path = SettingViewController.swift; sourceTree = "<group>"; };
		6150F4ED2B5AD4700035F522 /* Setting.swift */ = {isa = PBXFileReference; lastKnownFileType = sourcecode.swift; path = Setting.swift; sourceTree = "<group>"; };
		6150F4EF2B5B887B0035F522 /* Type.swift */ = {isa = PBXFileReference; lastKnownFileType = sourcecode.swift; path = Type.swift; sourceTree = "<group>"; };
		6150F4F12B5B8E510035F522 /* ProductDetailViewController.swift */ = {isa = PBXFileReference; lastKnownFileType = sourcecode.swift; path = ProductDetailViewController.swift; sourceTree = "<group>"; };
		6150F4F32B5B8F680035F522 /* SearchResultViewController.swift */ = {isa = PBXFileReference; lastKnownFileType = sourcecode.swift; path = SearchResultViewController.swift; sourceTree = "<group>"; };
		6150F4FB2B5D865C0035F522 /* ProductAPIManager.swift */ = {isa = PBXFileReference; lastKnownFileType = sourcecode.swift; path = ProductAPIManager.swift; sourceTree = "<group>"; };
		6150F4FD2B5D88020035F522 /* ProductInfo.swift */ = {isa = PBXFileReference; lastKnownFileType = sourcecode.swift; path = ProductInfo.swift; sourceTree = "<group>"; };
		6150F5012B5D8F9E0035F522 /* ProductCollectionViewCell.swift */ = {isa = PBXFileReference; lastKnownFileType = sourcecode.swift; path = ProductCollectionViewCell.swift; sourceTree = "<group>"; };
		6150F5052B5D91EA0035F522 /* Int+extension.swift */ = {isa = PBXFileReference; lastKnownFileType = sourcecode.swift; path = "Int+extension.swift"; sourceTree = "<group>"; };
		6150F5072B5D996E0035F522 /* String+Extension.swift */ = {isa = PBXFileReference; lastKnownFileType = sourcecode.swift; path = "String+Extension.swift"; sourceTree = "<group>"; };
		61864BAF2B5E88270073C175 /* Filter.swift */ = {isa = PBXFileReference; lastKnownFileType = sourcecode.swift; path = Filter.swift; sourceTree = "<group>"; };
		61864BF22B6085F40073C175 /* UIViewController+Extension.swift */ = {isa = PBXFileReference; lastKnownFileType = sourcecode.swift; path = "UIViewController+Extension.swift"; sourceTree = "<group>"; };
		61864C942B66AC4C0073C175 /* RecentKeywordHeaderView.swift */ = {isa = PBXFileReference; lastKnownFileType = sourcecode.swift; path = RecentKeywordHeaderView.swift; sourceTree = "<group>"; };
		61BF24112B8D02BF004EAE01 /* OnboardingView.swift */ = {isa = PBXFileReference; lastKnownFileType = sourcecode.swift; path = OnboardingView.swift; sourceTree = "<group>"; };
		61BF24142B8D02D7004EAE01 /* BaseView.swift */ = {isa = PBXFileReference; lastKnownFileType = sourcecode.swift; path = BaseView.swift; sourceTree = "<group>"; };
		61BF24162B8D0526004EAE01 /* NicknameSettingView.swift */ = {isa = PBXFileReference; lastKnownFileType = sourcecode.swift; path = NicknameSettingView.swift; sourceTree = "<group>"; };
		61BF24182B8D05D9004EAE01 /* BaseViewController.swift */ = {isa = PBXFileReference; lastKnownFileType = sourcecode.swift; path = BaseViewController.swift; sourceTree = "<group>"; };
		61BF241A2B8D06D5004EAE01 /* ProfileImageSettingView.swift */ = {isa = PBXFileReference; lastKnownFileType = sourcecode.swift; path = ProfileImageSettingView.swift; sourceTree = "<group>"; };
		61D56EB92B5E4130000D28E1 /* RecentSearchTableViewCell.swift */ = {isa = PBXFileReference; lastKnownFileType = sourcecode.swift; path = RecentSearchTableViewCell.swift; sourceTree = "<group>"; };
		61D56EBD2B5E4E20000D28E1 /* Product.swift */ = {isa = PBXFileReference; lastKnownFileType = sourcecode.swift; path = Product.swift; sourceTree = "<group>"; };
		61E8EC0D2B72EBD600BEAFE5 /* ValidationNicknameError.swift */ = {isa = PBXFileReference; lastKnownFileType = sourcecode.swift; path = ValidationNicknameError.swift; sourceTree = "<group>"; };
		61E8EC0F2B72EF4700BEAFE5 /* ProductSessionManager.swift */ = {isa = PBXFileReference; lastKnownFileType = sourcecode.swift; path = ProductSessionManager.swift; sourceTree = "<group>"; };
		61E8EC112B72EF9500BEAFE5 /* NetworkError.swift */ = {isa = PBXFileReference; lastKnownFileType = sourcecode.swift; path = NetworkError.swift; sourceTree = "<group>"; };
/* End PBXFileReference section */

/* Begin PBXFrameworksBuildPhase section */
		6150F48F2B5900150035F522 /* Frameworks */ = {
			isa = PBXFrameworksBuildPhase;
			buildActionMask = 2147483647;
			files = (
				61864C912B66A3600073C175 /* SnapKit in Frameworks */,
				6150F4AE2B5900680035F522 /* Kingfisher in Frameworks */,
				6150F4AB2B5900520035F522 /* Alamofire in Frameworks */,
				61864C932B66A3600073C175 /* SnapKit-Dynamic in Frameworks */,
			);
			runOnlyForDeploymentPostprocessing = 0;
		};
/* End PBXFrameworksBuildPhase section */

/* Begin PBXGroup section */
		611757392B67DE330043E958 /* Component */ = {
			isa = PBXGroup;
			children = (
				6117573A2B67DE4C0043E958 /* ProfileImageView.swift */,
				6117573C2B67E0010043E958 /* PointButton.swift */,
				6117573E2B67F0610043E958 /* FilterButton.swift */,
			);
			path = Component;
			sourceTree = "<group>";
		};
		6150F4892B5900150035F522 = {
			isa = PBXGroup;
			children = (
				6150F4B62B5905500035F522 /* .gitignore */,
				6150F4942B5900150035F522 /* SeSACShopping */,
				6150F4932B5900150035F522 /* Products */,
			);
			sourceTree = "<group>";
		};
		6150F4932B5900150035F522 /* Products */ = {
			isa = PBXGroup;
			children = (
				6150F4922B5900150035F522 /* SeSACShopping.app */,
			);
			name = Products;
			sourceTree = "<group>";
		};
		6150F4942B5900150035F522 /* SeSACShopping */ = {
			isa = PBXGroup;
			children = (
				61BF24132B8D02CC004EAE01 /* Base */,
				611757392B67DE330043E958 /* Component */,
				6150F4C42B5921DE0035F522 /* Enum */,
				6150F4B52B59049E0035F522 /* Protocol */,
				6150F4B12B5901500035F522 /* Extension */,
				6150F4B02B59014A0035F522 /* Network */,
				6150F4E52B5AB3C00035F522 /* Cell */,
				6150F4AF2B5901340035F522 /* Model */,
				6150F4B22B59045E0035F522 /* ViewControllers */,
				6150F4952B5900150035F522 /* AppDelegate.swift */,
				6150F4972B5900150035F522 /* SceneDelegate.swift */,
				6150F49B2B5900150035F522 /* Main.storyboard */,
				6150F49E2B5900170035F522 /* Assets.xcassets */,
				6150F4A02B5900170035F522 /* LaunchScreen.storyboard */,
				6150F4A32B5900170035F522 /* Info.plist */,
				6150F4B82B5905680035F522 /* APIKey.swift */,
				6150F4C22B591CFA0035F522 /* UserDefaultManager.swift */,
			);
			path = SeSACShopping;
			sourceTree = "<group>";
		};
		6150F4AF2B5901340035F522 /* Model */ = {
			isa = PBXGroup;
			children = (
				6150F4E32B5AB2940035F522 /* ProfileImage.swift */,
				6150F4ED2B5AD4700035F522 /* Setting.swift */,
				6150F4EF2B5B887B0035F522 /* Type.swift */,
				6150F4FD2B5D88020035F522 /* ProductInfo.swift */,
				61D56EBD2B5E4E20000D28E1 /* Product.swift */,
				61864BAF2B5E88270073C175 /* Filter.swift */,
			);
			path = Model;
			sourceTree = "<group>";
		};
		6150F4B02B59014A0035F522 /* Network */ = {
			isa = PBXGroup;
			children = (
				6150F4FB2B5D865C0035F522 /* ProductAPIManager.swift */,
				61E8EC0F2B72EF4700BEAFE5 /* ProductSessionManager.swift */,
			);
			path = Network;
			sourceTree = "<group>";
		};
		6150F4B12B5901500035F522 /* Extension */ = {
			isa = PBXGroup;
			children = (
				6150F4BC2B591AB90035F522 /* UILabel+Extension.swift */,
				6150F4BE2B591BD30035F522 /* UIButton+Extension.swift */,
				6150F4C02B591C760035F522 /* UIImageView+Extension.swift */,
				6150F4CE2B5929CE0035F522 /* UINavigationController+Extension.swift */,
				6150F4D02B5935AC0035F522 /* UITextField+Extension.swift */,
				6150F5052B5D91EA0035F522 /* Int+extension.swift */,
				6150F5072B5D996E0035F522 /* String+Extension.swift */,
				61864BF22B6085F40073C175 /* UIViewController+Extension.swift */,
				611757402B67F19A0043E958 /* UIStackView+Extension.swift */,
			);
			path = Extension;
			sourceTree = "<group>";
		};
		6150F4B22B59045E0035F522 /* ViewControllers */ = {
			isa = PBXGroup;
			children = (
				6150F4DB2B5A94690035F522 /* Onboarding */,
				6150F4C92B5925770035F522 /* ProfileSetting */,
				6150F4E02B5AAC3D0035F522 /* Main */,
				6150F4EA2B5AC4C70035F522 /* Setting */,
			);
			path = ViewControllers;
			sourceTree = "<group>";
		};
		6150F4B52B59049E0035F522 /* Protocol */ = {
			isa = PBXGroup;
			children = (
				6150F4BA2B591A020035F522 /* Protocol.swift */,
				6150F4CC2B5928E60035F522 /* ViewProtocol.swift */,
			);
			path = Protocol;
			sourceTree = "<group>";
		};
		6150F4C42B5921DE0035F522 /* Enum */ = {
			isa = PBXGroup;
			children = (
				6150F4C52B5921E70035F522 /* ImageStyle.swift */,
				6150F4C72B5922260035F522 /* ColorStyle.swift */,
				61E8EC0D2B72EBD600BEAFE5 /* ValidationNicknameError.swift */,
				61E8EC112B72EF9500BEAFE5 /* NetworkError.swift */,
			);
			path = Enum;
			sourceTree = "<group>";
		};
		6150F4C92B5925770035F522 /* ProfileSetting */ = {
			isa = PBXGroup;
			children = (
				6150F4CA2B5925A00035F522 /* NicknameSettingViewController.swift */,
				6150F4DE2B5A97200035F522 /* ProfileImageSettingViewController.swift */,
				61BF24162B8D0526004EAE01 /* NicknameSettingView.swift */,
				61BF241A2B8D06D5004EAE01 /* ProfileImageSettingView.swift */,
			);
			path = ProfileSetting;
			sourceTree = "<group>";
		};
		6150F4DB2B5A94690035F522 /* Onboarding */ = {
			isa = PBXGroup;
			children = (
				6150F4B32B5904800035F522 /* OnboardingViewController.swift */,
				61BF24112B8D02BF004EAE01 /* OnboardingView.swift */,
			);
			path = Onboarding;
			sourceTree = "<group>";
		};
		6150F4E02B5AAC3D0035F522 /* Main */ = {
			isa = PBXGroup;
			children = (
				6150F4E12B5AAC4E0035F522 /* MainViewController.swift */,
				6150F4F32B5B8F680035F522 /* SearchResultViewController.swift */,
				6150F4F12B5B8E510035F522 /* ProductDetailViewController.swift */,
			);
			path = Main;
			sourceTree = "<group>";
		};
		6150F4E52B5AB3C00035F522 /* Cell */ = {
			isa = PBXGroup;
			children = (
				61D56EB82B5E410C000D28E1 /* Search */,
				6150F5002B5D8F860035F522 /* Product */,
				6150F4FF2B5D8F790035F522 /* Profile */,
			);
			path = Cell;
			sourceTree = "<group>";
		};
		6150F4EA2B5AC4C70035F522 /* Setting */ = {
			isa = PBXGroup;
			children = (
				6150F4EB2B5AC4E00035F522 /* SettingViewController.swift */,
			);
			path = Setting;
			sourceTree = "<group>";
		};
		6150F4FF2B5D8F790035F522 /* Profile */ = {
			isa = PBXGroup;
			children = (
				6150F4E62B5AB3E70035F522 /* ProfileImageCollectionViewCell.swift */,
			);
			path = Profile;
			sourceTree = "<group>";
		};
		6150F5002B5D8F860035F522 /* Product */ = {
			isa = PBXGroup;
			children = (
				6150F5012B5D8F9E0035F522 /* ProductCollectionViewCell.swift */,
			);
			path = Product;
			sourceTree = "<group>";
		};
		61BF24132B8D02CC004EAE01 /* Base */ = {
			isa = PBXGroup;
			children = (
				61BF24142B8D02D7004EAE01 /* BaseView.swift */,
				61BF24182B8D05D9004EAE01 /* BaseViewController.swift */,
			);
			path = Base;
			sourceTree = "<group>";
		};
		61D56EB82B5E410C000D28E1 /* Search */ = {
			isa = PBXGroup;
			children = (
				61D56EB92B5E4130000D28E1 /* RecentSearchTableViewCell.swift */,
				61864C942B66AC4C0073C175 /* RecentKeywordHeaderView.swift */,
			);
			path = Search;
			sourceTree = "<group>";
		};
/* End PBXGroup section */

/* Begin PBXNativeTarget section */
		6150F4912B5900150035F522 /* SeSACShopping */ = {
			isa = PBXNativeTarget;
			buildConfigurationList = 6150F4A62B5900170035F522 /* Build configuration list for PBXNativeTarget "SeSACShopping" */;
			buildPhases = (
				6150F48E2B5900150035F522 /* Sources */,
				6150F48F2B5900150035F522 /* Frameworks */,
				6150F4902B5900150035F522 /* Resources */,
			);
			buildRules = (
			);
			dependencies = (
			);
			name = SeSACShopping;
			packageProductDependencies = (
				6150F4AA2B5900520035F522 /* Alamofire */,
				6150F4AD2B5900680035F522 /* Kingfisher */,
				61864C902B66A3600073C175 /* SnapKit */,
				61864C922B66A3600073C175 /* SnapKit-Dynamic */,
			);
			productName = SeSACShopping;
			productReference = 6150F4922B5900150035F522 /* SeSACShopping.app */;
			productType = "com.apple.product-type.application";
		};
/* End PBXNativeTarget section */

/* Begin PBXProject section */
		6150F48A2B5900150035F522 /* Project object */ = {
			isa = PBXProject;
			attributes = {
				BuildIndependentTargetsInParallel = 1;
				LastSwiftUpdateCheck = 1510;
				LastUpgradeCheck = 1510;
				TargetAttributes = {
					6150F4912B5900150035F522 = {
						CreatedOnToolsVersion = 15.1;
					};
				};
			};
			buildConfigurationList = 6150F48D2B5900150035F522 /* Build configuration list for PBXProject "SeSACShopping" */;
			compatibilityVersion = "Xcode 14.0";
			developmentRegion = en;
			hasScannedForEncodings = 0;
			knownRegions = (
				en,
				Base,
			);
			mainGroup = 6150F4892B5900150035F522;
			packageReferences = (
				6150F4A92B5900520035F522 /* XCRemoteSwiftPackageReference "Alamofire" */,
				6150F4AC2B5900680035F522 /* XCRemoteSwiftPackageReference "Kingfisher" */,
				61864C8F2B66A3600073C175 /* XCRemoteSwiftPackageReference "SnapKit" */,
			);
			productRefGroup = 6150F4932B5900150035F522 /* Products */;
			projectDirPath = "";
			projectRoot = "";
			targets = (
				6150F4912B5900150035F522 /* SeSACShopping */,
			);
		};
/* End PBXProject section */

/* Begin PBXResourcesBuildPhase section */
		6150F4902B5900150035F522 /* Resources */ = {
			isa = PBXResourcesBuildPhase;
			buildActionMask = 2147483647;
			files = (
				6150F4B72B5905500035F522 /* .gitignore in Resources */,
				6150F4A22B5900170035F522 /* LaunchScreen.storyboard in Resources */,
				6150F49F2B5900170035F522 /* Assets.xcassets in Resources */,
				6150F49D2B5900150035F522 /* Main.storyboard in Resources */,
			);
			runOnlyForDeploymentPostprocessing = 0;
		};
/* End PBXResourcesBuildPhase section */

/* Begin PBXSourcesBuildPhase section */
		6150F48E2B5900150035F522 /* Sources */ = {
			isa = PBXSourcesBuildPhase;
			buildActionMask = 2147483647;
			files = (
				6150F4962B5900150035F522 /* AppDelegate.swift in Sources */,
				6150F5062B5D91EA0035F522 /* Int+extension.swift in Sources */,
				61D56EBB2B5E4130000D28E1 /* RecentSearchTableViewCell.swift in Sources */,
				61864BF32B6085F40073C175 /* UIViewController+Extension.swift in Sources */,
				6150F5032B5D8F9F0035F522 /* ProductCollectionViewCell.swift in Sources */,
				61BF24192B8D05D9004EAE01 /* BaseViewController.swift in Sources */,
				6150F4E82B5AB3E70035F522 /* ProfileImageCollectionViewCell.swift in Sources */,
				6117573F2B67F0610043E958 /* FilterButton.swift in Sources */,
				6117573D2B67E0010043E958 /* PointButton.swift in Sources */,
				6150F4CF2B5929CE0035F522 /* UINavigationController+Extension.swift in Sources */,
				6150F4982B5900150035F522 /* SceneDelegate.swift in Sources */,
				6150F4F22B5B8E510035F522 /* ProductDetailViewController.swift in Sources */,
				61D56EBE2B5E4E20000D28E1 /* Product.swift in Sources */,
				6150F4EC2B5AC4E00035F522 /* SettingViewController.swift in Sources */,
				6150F4F42B5B8F680035F522 /* SearchResultViewController.swift in Sources */,
				61E8EC122B72EF9500BEAFE5 /* NetworkError.swift in Sources */,
				6150F4EE2B5AD4700035F522 /* Setting.swift in Sources */,
				61864BB02B5E88270073C175 /* Filter.swift in Sources */,
				6150F4C82B5922260035F522 /* ColorStyle.swift in Sources */,
				6150F4D12B5935AC0035F522 /* UITextField+Extension.swift in Sources */,
				6150F4CD2B5928E60035F522 /* ViewProtocol.swift in Sources */,
				6150F4C12B591C760035F522 /* UIImageView+Extension.swift in Sources */,
				6150F4CB2B5925A00035F522 /* NicknameSettingViewController.swift in Sources */,
				6150F4C32B591CFA0035F522 /* UserDefaultManager.swift in Sources */,
				611757412B67F19A0043E958 /* UIStackView+Extension.swift in Sources */,
				61864C952B66AC4C0073C175 /* RecentKeywordHeaderView.swift in Sources */,
				6150F4BD2B591AB90035F522 /* UILabel+Extension.swift in Sources */,
				6150F4FC2B5D865C0035F522 /* ProductAPIManager.swift in Sources */,
				61BF24122B8D02BF004EAE01 /* OnboardingView.swift in Sources */,
				61BF241B2B8D06D5004EAE01 /* ProfileImageSettingView.swift in Sources */,
				61E8EC0E2B72EBD600BEAFE5 /* ValidationNicknameError.swift in Sources */,
				6117573B2B67DE4C0043E958 /* ProfileImageView.swift in Sources */,
				6150F4E42B5AB2940035F522 /* ProfileImage.swift in Sources */,
				6150F4B42B5904800035F522 /* OnboardingViewController.swift in Sources */,
				61BF24152B8D02D7004EAE01 /* BaseView.swift in Sources */,
				6150F4F02B5B887B0035F522 /* Type.swift in Sources */,
				6150F4FE2B5D88020035F522 /* ProductInfo.swift in Sources */,
				6150F4BF2B591BD30035F522 /* UIButton+Extension.swift in Sources */,
				6150F4B92B5905680035F522 /* APIKey.swift in Sources */,
				6150F4DF2B5A97200035F522 /* ProfileImageSettingViewController.swift in Sources */,
				6150F4E22B5AAC4E0035F522 /* MainViewController.swift in Sources */,
				61E8EC102B72EF4700BEAFE5 /* ProductSessionManager.swift in Sources */,
				6150F4BB2B591A020035F522 /* Protocol.swift in Sources */,
				6150F5082B5D996E0035F522 /* String+Extension.swift in Sources */,
				6150F4C62B5921E70035F522 /* ImageStyle.swift in Sources */,
				61BF24172B8D0526004EAE01 /* NicknameSettingView.swift in Sources */,
			);
			runOnlyForDeploymentPostprocessing = 0;
		};
/* End PBXSourcesBuildPhase section */

/* Begin PBXVariantGroup section */
		6150F49B2B5900150035F522 /* Main.storyboard */ = {
			isa = PBXVariantGroup;
			children = (
				6150F49C2B5900150035F522 /* Base */,
			);
			name = Main.storyboard;
			sourceTree = "<group>";
		};
		6150F4A02B5900170035F522 /* LaunchScreen.storyboard */ = {
			isa = PBXVariantGroup;
			children = (
				6150F4A12B5900170035F522 /* Base */,
			);
			name = LaunchScreen.storyboard;
			sourceTree = "<group>";
		};
/* End PBXVariantGroup section */

/* Begin XCBuildConfiguration section */
		6150F4A42B5900170035F522 /* Debug */ = {
			isa = XCBuildConfiguration;
			buildSettings = {
				ALWAYS_SEARCH_USER_PATHS = NO;
				ASSETCATALOG_COMPILER_GENERATE_SWIFT_ASSET_SYMBOL_EXTENSIONS = YES;
				CLANG_ANALYZER_NONNULL = YES;
				CLANG_ANALYZER_NUMBER_OBJECT_CONVERSION = YES_AGGRESSIVE;
				CLANG_CXX_LANGUAGE_STANDARD = "gnu++20";
				CLANG_ENABLE_MODULES = YES;
				CLANG_ENABLE_OBJC_ARC = YES;
				CLANG_ENABLE_OBJC_WEAK = YES;
				CLANG_WARN_BLOCK_CAPTURE_AUTORELEASING = YES;
				CLANG_WARN_BOOL_CONVERSION = YES;
				CLANG_WARN_COMMA = YES;
				CLANG_WARN_CONSTANT_CONVERSION = YES;
				CLANG_WARN_DEPRECATED_OBJC_IMPLEMENTATIONS = YES;
				CLANG_WARN_DIRECT_OBJC_ISA_USAGE = YES_ERROR;
				CLANG_WARN_DOCUMENTATION_COMMENTS = YES;
				CLANG_WARN_EMPTY_BODY = YES;
				CLANG_WARN_ENUM_CONVERSION = YES;
				CLANG_WARN_INFINITE_RECURSION = YES;
				CLANG_WARN_INT_CONVERSION = YES;
				CLANG_WARN_NON_LITERAL_NULL_CONVERSION = YES;
				CLANG_WARN_OBJC_IMPLICIT_RETAIN_SELF = YES;
				CLANG_WARN_OBJC_LITERAL_CONVERSION = YES;
				CLANG_WARN_OBJC_ROOT_CLASS = YES_ERROR;
				CLANG_WARN_QUOTED_INCLUDE_IN_FRAMEWORK_HEADER = YES;
				CLANG_WARN_RANGE_LOOP_ANALYSIS = YES;
				CLANG_WARN_STRICT_PROTOTYPES = YES;
				CLANG_WARN_SUSPICIOUS_MOVE = YES;
				CLANG_WARN_UNGUARDED_AVAILABILITY = YES_AGGRESSIVE;
				CLANG_WARN_UNREACHABLE_CODE = YES;
				CLANG_WARN__DUPLICATE_METHOD_MATCH = YES;
				COPY_PHASE_STRIP = NO;
				DEBUG_INFORMATION_FORMAT = dwarf;
				ENABLE_STRICT_OBJC_MSGSEND = YES;
				ENABLE_TESTABILITY = YES;
				ENABLE_USER_SCRIPT_SANDBOXING = YES;
				GCC_C_LANGUAGE_STANDARD = gnu17;
				GCC_DYNAMIC_NO_PIC = NO;
				GCC_NO_COMMON_BLOCKS = YES;
				GCC_OPTIMIZATION_LEVEL = 0;
				GCC_PREPROCESSOR_DEFINITIONS = (
					"DEBUG=1",
					"$(inherited)",
				);
				GCC_WARN_64_TO_32_BIT_CONVERSION = YES;
				GCC_WARN_ABOUT_RETURN_TYPE = YES_ERROR;
				GCC_WARN_UNDECLARED_SELECTOR = YES;
				GCC_WARN_UNINITIALIZED_AUTOS = YES_AGGRESSIVE;
				GCC_WARN_UNUSED_FUNCTION = YES;
				GCC_WARN_UNUSED_VARIABLE = YES;
				IPHONEOS_DEPLOYMENT_TARGET = 15.0;
				LOCALIZATION_PREFERS_STRING_CATALOGS = YES;
				MTL_ENABLE_DEBUG_INFO = INCLUDE_SOURCE;
				MTL_FAST_MATH = YES;
				ONLY_ACTIVE_ARCH = YES;
				SDKROOT = iphoneos;
				SWIFT_ACTIVE_COMPILATION_CONDITIONS = "DEBUG $(inherited)";
				SWIFT_OPTIMIZATION_LEVEL = "-Onone";
			};
			name = Debug;
		};
		6150F4A52B5900170035F522 /* Release */ = {
			isa = XCBuildConfiguration;
			buildSettings = {
				ALWAYS_SEARCH_USER_PATHS = NO;
				ASSETCATALOG_COMPILER_GENERATE_SWIFT_ASSET_SYMBOL_EXTENSIONS = YES;
				CLANG_ANALYZER_NONNULL = YES;
				CLANG_ANALYZER_NUMBER_OBJECT_CONVERSION = YES_AGGRESSIVE;
				CLANG_CXX_LANGUAGE_STANDARD = "gnu++20";
				CLANG_ENABLE_MODULES = YES;
				CLANG_ENABLE_OBJC_ARC = YES;
				CLANG_ENABLE_OBJC_WEAK = YES;
				CLANG_WARN_BLOCK_CAPTURE_AUTORELEASING = YES;
				CLANG_WARN_BOOL_CONVERSION = YES;
				CLANG_WARN_COMMA = YES;
				CLANG_WARN_CONSTANT_CONVERSION = YES;
				CLANG_WARN_DEPRECATED_OBJC_IMPLEMENTATIONS = YES;
				CLANG_WARN_DIRECT_OBJC_ISA_USAGE = YES_ERROR;
				CLANG_WARN_DOCUMENTATION_COMMENTS = YES;
				CLANG_WARN_EMPTY_BODY = YES;
				CLANG_WARN_ENUM_CONVERSION = YES;
				CLANG_WARN_INFINITE_RECURSION = YES;
				CLANG_WARN_INT_CONVERSION = YES;
				CLANG_WARN_NON_LITERAL_NULL_CONVERSION = YES;
				CLANG_WARN_OBJC_IMPLICIT_RETAIN_SELF = YES;
				CLANG_WARN_OBJC_LITERAL_CONVERSION = YES;
				CLANG_WARN_OBJC_ROOT_CLASS = YES_ERROR;
				CLANG_WARN_QUOTED_INCLUDE_IN_FRAMEWORK_HEADER = YES;
				CLANG_WARN_RANGE_LOOP_ANALYSIS = YES;
				CLANG_WARN_STRICT_PROTOTYPES = YES;
				CLANG_WARN_SUSPICIOUS_MOVE = YES;
				CLANG_WARN_UNGUARDED_AVAILABILITY = YES_AGGRESSIVE;
				CLANG_WARN_UNREACHABLE_CODE = YES;
				CLANG_WARN__DUPLICATE_METHOD_MATCH = YES;
				COPY_PHASE_STRIP = NO;
				DEBUG_INFORMATION_FORMAT = "dwarf-with-dsym";
				ENABLE_NS_ASSERTIONS = NO;
				ENABLE_STRICT_OBJC_MSGSEND = YES;
				ENABLE_USER_SCRIPT_SANDBOXING = YES;
				GCC_C_LANGUAGE_STANDARD = gnu17;
				GCC_NO_COMMON_BLOCKS = YES;
				GCC_WARN_64_TO_32_BIT_CONVERSION = YES;
				GCC_WARN_ABOUT_RETURN_TYPE = YES_ERROR;
				GCC_WARN_UNDECLARED_SELECTOR = YES;
				GCC_WARN_UNINITIALIZED_AUTOS = YES_AGGRESSIVE;
				GCC_WARN_UNUSED_FUNCTION = YES;
				GCC_WARN_UNUSED_VARIABLE = YES;
				IPHONEOS_DEPLOYMENT_TARGET = 15.0;
				LOCALIZATION_PREFERS_STRING_CATALOGS = YES;
				MTL_ENABLE_DEBUG_INFO = NO;
				MTL_FAST_MATH = YES;
				SDKROOT = iphoneos;
				SWIFT_COMPILATION_MODE = wholemodule;
				VALIDATE_PRODUCT = YES;
			};
			name = Release;
		};
		6150F4A72B5900170035F522 /* Debug */ = {
			isa = XCBuildConfiguration;
			buildSettings = {
				ASSETCATALOG_COMPILER_APPICON_NAME = AppIcon;
				ASSETCATALOG_COMPILER_GLOBAL_ACCENT_COLOR_NAME = AccentColor;
				CODE_SIGN_STYLE = Automatic;
				CURRENT_PROJECT_VERSION = 1;
				DEVELOPMENT_TEAM = T2Q8P9627P;
				GENERATE_INFOPLIST_FILE = YES;
				INFOPLIST_FILE = SeSACShopping/Info.plist;
				INFOPLIST_KEY_CFBundleDisplayName = "조유진";
				INFOPLIST_KEY_UIApplicationSupportsIndirectInputEvents = YES;
				INFOPLIST_KEY_UILaunchStoryboardName = LaunchScreen;
				INFOPLIST_KEY_UIMainStoryboardFile = Main;
				INFOPLIST_KEY_UISupportedInterfaceOrientations = UIInterfaceOrientationPortrait;
				INFOPLIST_KEY_UISupportedInterfaceOrientations_iPad = "UIInterfaceOrientationLandscapeLeft UIInterfaceOrientationLandscapeRight UIInterfaceOrientationPortrait UIInterfaceOrientationPortraitUpsideDown";
				LD_RUNPATH_SEARCH_PATHS = (
					"$(inherited)",
					"@executable_path/Frameworks",
				);
				MARKETING_VERSION = 1.0;
				PRODUCT_BUNDLE_IDENTIFIER = dev.yujin.SeSACShopping;
				PRODUCT_NAME = "$(TARGET_NAME)";
				SUPPORTED_PLATFORMS = "iphoneos iphonesimulator";
				SUPPORTS_MACCATALYST = NO;
				SUPPORTS_MAC_DESIGNED_FOR_IPHONE_IPAD = NO;
				SWIFT_EMIT_LOC_STRINGS = YES;
				SWIFT_VERSION = 5.0;
				TARGETED_DEVICE_FAMILY = 1;
			};
			name = Debug;
		};
		6150F4A82B5900170035F522 /* Release */ = {
			isa = XCBuildConfiguration;
			buildSettings = {
				ASSETCATALOG_COMPILER_APPICON_NAME = AppIcon;
				ASSETCATALOG_COMPILER_GLOBAL_ACCENT_COLOR_NAME = AccentColor;
				CODE_SIGN_STYLE = Automatic;
				CURRENT_PROJECT_VERSION = 1;
				DEVELOPMENT_TEAM = T2Q8P9627P;
				GENERATE_INFOPLIST_FILE = YES;
				INFOPLIST_FILE = SeSACShopping/Info.plist;
				INFOPLIST_KEY_CFBundleDisplayName = "조유진";
				INFOPLIST_KEY_UIApplicationSupportsIndirectInputEvents = YES;
				INFOPLIST_KEY_UILaunchStoryboardName = LaunchScreen;
				INFOPLIST_KEY_UIMainStoryboardFile = Main;
				INFOPLIST_KEY_UISupportedInterfaceOrientations = UIInterfaceOrientationPortrait;
				INFOPLIST_KEY_UISupportedInterfaceOrientations_iPad = "UIInterfaceOrientationLandscapeLeft UIInterfaceOrientationLandscapeRight UIInterfaceOrientationPortrait UIInterfaceOrientationPortraitUpsideDown";
				LD_RUNPATH_SEARCH_PATHS = (
					"$(inherited)",
					"@executable_path/Frameworks",
				);
				MARKETING_VERSION = 1.0;
				PRODUCT_BUNDLE_IDENTIFIER = dev.yujin.SeSACShopping;
				PRODUCT_NAME = "$(TARGET_NAME)";
				SUPPORTED_PLATFORMS = "iphoneos iphonesimulator";
				SUPPORTS_MACCATALYST = NO;
				SUPPORTS_MAC_DESIGNED_FOR_IPHONE_IPAD = NO;
				SWIFT_EMIT_LOC_STRINGS = YES;
				SWIFT_VERSION = 5.0;
				TARGETED_DEVICE_FAMILY = 1;
			};
			name = Release;
		};
/* End XCBuildConfiguration section */

/* Begin XCConfigurationList section */
		6150F48D2B5900150035F522 /* Build configuration list for PBXProject "SeSACShopping" */ = {
			isa = XCConfigurationList;
			buildConfigurations = (
				6150F4A42B5900170035F522 /* Debug */,
				6150F4A52B5900170035F522 /* Release */,
			);
			defaultConfigurationIsVisible = 0;
			defaultConfigurationName = Release;
		};
		6150F4A62B5900170035F522 /* Build configuration list for PBXNativeTarget "SeSACShopping" */ = {
			isa = XCConfigurationList;
			buildConfigurations = (
				6150F4A72B5900170035F522 /* Debug */,
				6150F4A82B5900170035F522 /* Release */,
			);
			defaultConfigurationIsVisible = 0;
			defaultConfigurationName = Release;
		};
/* End XCConfigurationList section */

/* Begin XCRemoteSwiftPackageReference section */
		6150F4A92B5900520035F522 /* XCRemoteSwiftPackageReference "Alamofire" */ = {
			isa = XCRemoteSwiftPackageReference;
			repositoryURL = "https://github.com/Alamofire/Alamofire";
			requirement = {
				kind = upToNextMajorVersion;
				minimumVersion = 5.8.1;
			};
		};
		6150F4AC2B5900680035F522 /* XCRemoteSwiftPackageReference "Kingfisher" */ = {
			isa = XCRemoteSwiftPackageReference;
			repositoryURL = "https://github.com/onevcat/Kingfisher";
			requirement = {
				kind = upToNextMajorVersion;
				minimumVersion = 7.10.2;
			};
		};
		61864C8F2B66A3600073C175 /* XCRemoteSwiftPackageReference "SnapKit" */ = {
			isa = XCRemoteSwiftPackageReference;
			repositoryURL = "https://github.com/SnapKit/SnapKit";
			requirement = {
				kind = upToNextMajorVersion;
				minimumVersion = 5.7.0;
			};
		};
/* End XCRemoteSwiftPackageReference section */

/* Begin XCSwiftPackageProductDependency section */
		6150F4AA2B5900520035F522 /* Alamofire */ = {
			isa = XCSwiftPackageProductDependency;
			package = 6150F4A92B5900520035F522 /* XCRemoteSwiftPackageReference "Alamofire" */;
			productName = Alamofire;
		};
		6150F4AD2B5900680035F522 /* Kingfisher */ = {
			isa = XCSwiftPackageProductDependency;
			package = 6150F4AC2B5900680035F522 /* XCRemoteSwiftPackageReference "Kingfisher" */;
			productName = Kingfisher;
		};
		61864C902B66A3600073C175 /* SnapKit */ = {
			isa = XCSwiftPackageProductDependency;
			package = 61864C8F2B66A3600073C175 /* XCRemoteSwiftPackageReference "SnapKit" */;
			productName = SnapKit;
		};
		61864C922B66A3600073C175 /* SnapKit-Dynamic */ = {
			isa = XCSwiftPackageProductDependency;
			package = 61864C8F2B66A3600073C175 /* XCRemoteSwiftPackageReference "SnapKit" */;
			productName = "SnapKit-Dynamic";
		};
/* End XCSwiftPackageProductDependency section */
	};
	rootObject = 6150F48A2B5900150035F522 /* Project object */;
}
